# THIS IS AN AUTOGENERATED FILE. DO NOT EDIT THIS FILE DIRECTLY.
# yarn lockfile v1


"@types/node@^14.14.31":
  version "14.14.31"
  resolved "https://registry.npm.taobao.org/@types/node/download/@types/node-14.14.31.tgz#72286bd33d137aa0d152d47ec7c1762563d34055"
  integrity sha1-cihr0z0TeqDRUtR+x8F2JWPTQFU=
